// !$*UTF8*$!
{
	archiveVersion = 1;
	classes = {
	};
	objectVersion = 56;
	objects = {

/* Begin PBXBuildFile section */
		A95E4E712B25C5C100E15985 /* Extension+UIImageView.swift in Sources */ = {isa = PBXBuildFile; fileRef = A95E4E702B25C5C100E15985 /* Extension+UIImageView.swift */; };
		A9FFB5862B24578B0043D0F0 /* AppDelegate.swift in Sources */ = {isa = PBXBuildFile; fileRef = A9FFB5852B24578B0043D0F0 /* AppDelegate.swift */; };
		A9FFB5882B24578B0043D0F0 /* SceneDelegate.swift in Sources */ = {isa = PBXBuildFile; fileRef = A9FFB5872B24578B0043D0F0 /* SceneDelegate.swift */; };
		A9FFB5902B24578B0043D0F0 /* TheMovieDB.xcdatamodeld in Sources */ = {isa = PBXBuildFile; fileRef = A9FFB58E2B24578B0043D0F0 /* TheMovieDB.xcdatamodeld */; };
		A9FFB5922B24578C0043D0F0 /* Assets.xcassets in Resources */ = {isa = PBXBuildFile; fileRef = A9FFB5912B24578C0043D0F0 /* Assets.xcassets */; };
		A9FFB5952B24578C0043D0F0 /* LaunchScreen.storyboard in Resources */ = {isa = PBXBuildFile; fileRef = A9FFB5932B24578C0043D0F0 /* LaunchScreen.storyboard */; };
		A9FFB5A02B24578D0043D0F0 /* TheMovieDBTests.swift in Sources */ = {isa = PBXBuildFile; fileRef = A9FFB59F2B24578D0043D0F0 /* TheMovieDBTests.swift */; };
		A9FFB5AA2B24578D0043D0F0 /* TheMovieDBUITests.swift in Sources */ = {isa = PBXBuildFile; fileRef = A9FFB5A92B24578D0043D0F0 /* TheMovieDBUITests.swift */; };
		A9FFB5AC2B24578D0043D0F0 /* TheMovieDBUITestsLaunchTests.swift in Sources */ = {isa = PBXBuildFile; fileRef = A9FFB5AB2B24578D0043D0F0 /* TheMovieDBUITestsLaunchTests.swift */; };
		A9FFB5D92B2472CB0043D0F0 /* StringConstants.swift in Sources */ = {isa = PBXBuildFile; fileRef = A9FFB5D82B2472CB0043D0F0 /* StringConstants.swift */; };
		A9FFB5DB2B24737F0043D0F0 /* APIManager+MovieList.swift in Sources */ = {isa = PBXBuildFile; fileRef = A9FFB5DA2B24737F0043D0F0 /* APIManager+MovieList.swift */; };
		A9FFB5DE2B2473C40043D0F0 /* MovieList.swift in Sources */ = {isa = PBXBuildFile; fileRef = A9FFB5DD2B2473C40043D0F0 /* MovieList.swift */; };
		A9FFB5E02B2473CC0043D0F0 /* Movie.swift in Sources */ = {isa = PBXBuildFile; fileRef = A9FFB5DF2B2473CC0043D0F0 /* Movie.swift */; };
		A9FFB5E22B2477C90043D0F0 /* Utils.swift in Sources */ = {isa = PBXBuildFile; fileRef = A9FFB5E12B2477C90043D0F0 /* Utils.swift */; };
		A9FFB5E42B247BD20043D0F0 /* MovieListType.swift in Sources */ = {isa = PBXBuildFile; fileRef = A9FFB5E32B247BD20043D0F0 /* MovieListType.swift */; };
		A9FFB5E62B2480A40043D0F0 /* DisplayMovie.swift in Sources */ = {isa = PBXBuildFile; fileRef = A9FFB5E52B2480A40043D0F0 /* DisplayMovie.swift */; };
		A9FFB5EA2B24862F0043D0F0 /* MovieListCell.swift in Sources */ = {isa = PBXBuildFile; fileRef = A9FFB5E82B24862F0043D0F0 /* MovieListCell.swift */; };
		A9FFB5EB2B24862F0043D0F0 /* MovieListCell.xib in Resources */ = {isa = PBXBuildFile; fileRef = A9FFB5E92B24862F0043D0F0 /* MovieListCell.xib */; };
		A9FFB5F12B249BD50043D0F0 /* MovieListPresenter.swift in Sources */ = {isa = PBXBuildFile; fileRef = A9FFB5EE2B249BD50043D0F0 /* MovieListPresenter.swift */; };
		A9FFB5F22B249BD50043D0F0 /* MovieListViewController.xib in Resources */ = {isa = PBXBuildFile; fileRef = A9FFB5EF2B249BD50043D0F0 /* MovieListViewController.xib */; };
		A9FFB5F32B249BD50043D0F0 /* MovieListViewController.swift in Sources */ = {isa = PBXBuildFile; fileRef = A9FFB5F02B249BD50043D0F0 /* MovieListViewController.swift */; };
		A9FFB5F72B249BFA0043D0F0 /* Extension+Dictionary.swift in Sources */ = {isa = PBXBuildFile; fileRef = A9FFB5F42B249BFA0043D0F0 /* Extension+Dictionary.swift */; };
		A9FFB5F82B249BFA0043D0F0 /* Extension+UIView.swift in Sources */ = {isa = PBXBuildFile; fileRef = A9FFB5F52B249BFA0043D0F0 /* Extension+UIView.swift */; };
		A9FFB5F92B249BFA0043D0F0 /* Extension+String.swift in Sources */ = {isa = PBXBuildFile; fileRef = A9FFB5F62B249BFA0043D0F0 /* Extension+String.swift */; };
		A9FFB5FB2B249C120043D0F0 /* Constants.swift in Sources */ = {isa = PBXBuildFile; fileRef = A9FFB5FA2B249C120043D0F0 /* Constants.swift */; };
		A9FFB5FD2B249C180043D0F0 /* Localizable.strings in Resources */ = {isa = PBXBuildFile; fileRef = A9FFB5FC2B249C180043D0F0 /* Localizable.strings */; };
		A9FFB5FF2B249C210043D0F0 /* BaseViewController.swift in Sources */ = {isa = PBXBuildFile; fileRef = A9FFB5FE2B249C210043D0F0 /* BaseViewController.swift */; };
		A9FFB6012B249C280043D0F0 /* BaseNavigationController.swift in Sources */ = {isa = PBXBuildFile; fileRef = A9FFB6002B249C280043D0F0 /* BaseNavigationController.swift */; };
		A9FFB6042B249C330043D0F0 /* APIManager.swift in Sources */ = {isa = PBXBuildFile; fileRef = A9FFB6022B249C330043D0F0 /* APIManager.swift */; };
		A9FFB6052B249C330043D0F0 /* APIMethod.swift in Sources */ = {isa = PBXBuildFile; fileRef = A9FFB6032B249C330043D0F0 /* APIMethod.swift */; };
/* End PBXBuildFile section */

/* Begin PBXContainerItemProxy section */
		A9FFB59C2B24578D0043D0F0 /* PBXContainerItemProxy */ = {
			isa = PBXContainerItemProxy;
			containerPortal = A9FFB57A2B24578B0043D0F0 /* Project object */;
			proxyType = 1;
			remoteGlobalIDString = A9FFB5812B24578B0043D0F0;
			remoteInfo = TheMovieDB;
		};
		A9FFB5A62B24578D0043D0F0 /* PBXContainerItemProxy */ = {
			isa = PBXContainerItemProxy;
			containerPortal = A9FFB57A2B24578B0043D0F0 /* Project object */;
			proxyType = 1;
			remoteGlobalIDString = A9FFB5812B24578B0043D0F0;
			remoteInfo = TheMovieDB;
		};
/* End PBXContainerItemProxy section */

/* Begin PBXFileReference section */
		A95E4E702B25C5C100E15985 /* Extension+UIImageView.swift */ = {isa = PBXFileReference; fileEncoding = 4; lastKnownFileType = sourcecode.swift; path = "Extension+UIImageView.swift"; sourceTree = "<group>"; };
		A9FFB5822B24578B0043D0F0 /* TheMovieDB.app */ = {isa = PBXFileReference; explicitFileType = wrapper.application; includeInIndex = 0; path = TheMovieDB.app; sourceTree = BUILT_PRODUCTS_DIR; };
		A9FFB5852B24578B0043D0F0 /* AppDelegate.swift */ = {isa = PBXFileReference; lastKnownFileType = sourcecode.swift; path = AppDelegate.swift; sourceTree = "<group>"; };
		A9FFB5872B24578B0043D0F0 /* SceneDelegate.swift */ = {isa = PBXFileReference; lastKnownFileType = sourcecode.swift; path = SceneDelegate.swift; sourceTree = "<group>"; };
		A9FFB58F2B24578B0043D0F0 /* TheMovieDB.xcdatamodel */ = {isa = PBXFileReference; lastKnownFileType = wrapper.xcdatamodel; path = TheMovieDB.xcdatamodel; sourceTree = "<group>"; };
		A9FFB5912B24578C0043D0F0 /* Assets.xcassets */ = {isa = PBXFileReference; lastKnownFileType = folder.assetcatalog; path = Assets.xcassets; sourceTree = "<group>"; };
		A9FFB5942B24578C0043D0F0 /* Base */ = {isa = PBXFileReference; lastKnownFileType = file.storyboard; name = Base; path = Base.lproj/LaunchScreen.storyboard; sourceTree = "<group>"; };
		A9FFB5962B24578C0043D0F0 /* Info.plist */ = {isa = PBXFileReference; lastKnownFileType = text.plist.xml; path = Info.plist; sourceTree = "<group>"; };
		A9FFB59B2B24578D0043D0F0 /* TheMovieDBTests.xctest */ = {isa = PBXFileReference; explicitFileType = wrapper.cfbundle; includeInIndex = 0; path = TheMovieDBTests.xctest; sourceTree = BUILT_PRODUCTS_DIR; };
		A9FFB59F2B24578D0043D0F0 /* TheMovieDBTests.swift */ = {isa = PBXFileReference; lastKnownFileType = sourcecode.swift; path = TheMovieDBTests.swift; sourceTree = "<group>"; };
		A9FFB5A52B24578D0043D0F0 /* TheMovieDBUITests.xctest */ = {isa = PBXFileReference; explicitFileType = wrapper.cfbundle; includeInIndex = 0; path = TheMovieDBUITests.xctest; sourceTree = BUILT_PRODUCTS_DIR; };
		A9FFB5A92B24578D0043D0F0 /* TheMovieDBUITests.swift */ = {isa = PBXFileReference; lastKnownFileType = sourcecode.swift; path = TheMovieDBUITests.swift; sourceTree = "<group>"; };
		A9FFB5AB2B24578D0043D0F0 /* TheMovieDBUITestsLaunchTests.swift */ = {isa = PBXFileReference; lastKnownFileType = sourcecode.swift; path = TheMovieDBUITestsLaunchTests.swift; sourceTree = "<group>"; };
		A9FFB5C02B245DFB0043D0F0 /* es */ = {isa = PBXFileReference; lastKnownFileType = text.plist.strings; name = es; path = es.lproj/LaunchScreen.strings; sourceTree = "<group>"; };
		A9FFB5D82B2472CB0043D0F0 /* StringConstants.swift */ = {isa = PBXFileReference; lastKnownFileType = sourcecode.swift; path = StringConstants.swift; sourceTree = "<group>"; };
		A9FFB5DA2B24737F0043D0F0 /* APIManager+MovieList.swift */ = {isa = PBXFileReference; lastKnownFileType = sourcecode.swift; path = "APIManager+MovieList.swift"; sourceTree = "<group>"; };
		A9FFB5DD2B2473C40043D0F0 /* MovieList.swift */ = {isa = PBXFileReference; lastKnownFileType = sourcecode.swift; path = MovieList.swift; sourceTree = "<group>"; };
		A9FFB5DF2B2473CC0043D0F0 /* Movie.swift */ = {isa = PBXFileReference; lastKnownFileType = sourcecode.swift; path = Movie.swift; sourceTree = "<group>"; };
		A9FFB5E12B2477C90043D0F0 /* Utils.swift */ = {isa = PBXFileReference; lastKnownFileType = sourcecode.swift; path = Utils.swift; sourceTree = "<group>"; };
		A9FFB5E32B247BD20043D0F0 /* MovieListType.swift */ = {isa = PBXFileReference; lastKnownFileType = sourcecode.swift; path = MovieListType.swift; sourceTree = "<group>"; };
		A9FFB5E52B2480A40043D0F0 /* DisplayMovie.swift */ = {isa = PBXFileReference; lastKnownFileType = sourcecode.swift; path = DisplayMovie.swift; sourceTree = "<group>"; };
		A9FFB5E82B24862F0043D0F0 /* MovieListCell.swift */ = {isa = PBXFileReference; lastKnownFileType = sourcecode.swift; path = MovieListCell.swift; sourceTree = "<group>"; };
		A9FFB5E92B24862F0043D0F0 /* MovieListCell.xib */ = {isa = PBXFileReference; lastKnownFileType = file.xib; path = MovieListCell.xib; sourceTree = "<group>"; };
		A9FFB5EE2B249BD50043D0F0 /* MovieListPresenter.swift */ = {isa = PBXFileReference; fileEncoding = 4; lastKnownFileType = sourcecode.swift; path = MovieListPresenter.swift; sourceTree = "<group>"; };
		A9FFB5EF2B249BD50043D0F0 /* MovieListViewController.xib */ = {isa = PBXFileReference; fileEncoding = 4; lastKnownFileType = file.xib; path = MovieListViewController.xib; sourceTree = "<group>"; };
		A9FFB5F02B249BD50043D0F0 /* MovieListViewController.swift */ = {isa = PBXFileReference; fileEncoding = 4; lastKnownFileType = sourcecode.swift; path = MovieListViewController.swift; sourceTree = "<group>"; };
		A9FFB5F42B249BFA0043D0F0 /* Extension+Dictionary.swift */ = {isa = PBXFileReference; fileEncoding = 4; lastKnownFileType = sourcecode.swift; path = "Extension+Dictionary.swift"; sourceTree = "<group>"; };
		A9FFB5F52B249BFA0043D0F0 /* Extension+UIView.swift */ = {isa = PBXFileReference; fileEncoding = 4; lastKnownFileType = sourcecode.swift; path = "Extension+UIView.swift"; sourceTree = "<group>"; };
		A9FFB5F62B249BFA0043D0F0 /* Extension+String.swift */ = {isa = PBXFileReference; fileEncoding = 4; lastKnownFileType = sourcecode.swift; path = "Extension+String.swift"; sourceTree = "<group>"; };
		A9FFB5FA2B249C120043D0F0 /* Constants.swift */ = {isa = PBXFileReference; fileEncoding = 4; lastKnownFileType = sourcecode.swift; path = Constants.swift; sourceTree = "<group>"; };
		A9FFB5FC2B249C180043D0F0 /* Localizable.strings */ = {isa = PBXFileReference; fileEncoding = 4; lastKnownFileType = text.plist.strings; path = Localizable.strings; sourceTree = "<group>"; };
		A9FFB5FE2B249C210043D0F0 /* BaseViewController.swift */ = {isa = PBXFileReference; fileEncoding = 4; lastKnownFileType = sourcecode.swift; path = BaseViewController.swift; sourceTree = "<group>"; };
		A9FFB6002B249C280043D0F0 /* BaseNavigationController.swift */ = {isa = PBXFileReference; fileEncoding = 4; lastKnownFileType = sourcecode.swift; path = BaseNavigationController.swift; sourceTree = "<group>"; };
		A9FFB6022B249C330043D0F0 /* APIManager.swift */ = {isa = PBXFileReference; fileEncoding = 4; lastKnownFileType = sourcecode.swift; path = APIManager.swift; sourceTree = "<group>"; };
		A9FFB6032B249C330043D0F0 /* APIMethod.swift */ = {isa = PBXFileReference; fileEncoding = 4; lastKnownFileType = sourcecode.swift; path = APIMethod.swift; sourceTree = "<group>"; };
/* End PBXFileReference section */

/* Begin PBXFrameworksBuildPhase section */
		A9FFB57F2B24578B0043D0F0 /* Frameworks */ = {
			isa = PBXFrameworksBuildPhase;
			buildActionMask = 2147483647;
			files = (
			);
			runOnlyForDeploymentPostprocessing = 0;
		};
		A9FFB5982B24578D0043D0F0 /* Frameworks */ = {
			isa = PBXFrameworksBuildPhase;
			buildActionMask = 2147483647;
			files = (
			);
			runOnlyForDeploymentPostprocessing = 0;
		};
		A9FFB5A22B24578D0043D0F0 /* Frameworks */ = {
			isa = PBXFrameworksBuildPhase;
			buildActionMask = 2147483647;
			files = (
			);
			runOnlyForDeploymentPostprocessing = 0;
		};
/* End PBXFrameworksBuildPhase section */

/* Begin PBXGroup section */
		A9FFB5792B24578B0043D0F0 = {
			isa = PBXGroup;
			children = (
				A9FFB5842B24578B0043D0F0 /* TheMovieDB */,
				A9FFB59E2B24578D0043D0F0 /* TheMovieDBTests */,
				A9FFB5A82B24578D0043D0F0 /* TheMovieDBUITests */,
				A9FFB5832B24578B0043D0F0 /* Products */,
			);
			sourceTree = "<group>";
		};
		A9FFB5832B24578B0043D0F0 /* Products */ = {
			isa = PBXGroup;
			children = (
				A9FFB5822B24578B0043D0F0 /* TheMovieDB.app */,
				A9FFB59B2B24578D0043D0F0 /* TheMovieDBTests.xctest */,
				A9FFB5A52B24578D0043D0F0 /* TheMovieDBUITests.xctest */,
			);
			name = Products;
			sourceTree = "<group>";
		};
		A9FFB5842B24578B0043D0F0 /* TheMovieDB */ = {
			isa = PBXGroup;
			children = (
				A9FFB5852B24578B0043D0F0 /* AppDelegate.swift */,
				A9FFB5872B24578B0043D0F0 /* SceneDelegate.swift */,
				A9FFB5DC2B2473B70043D0F0 /* Models */,
				A9FFB5B92B245C220043D0F0 /* Utils */,
				A9FFB5C62B2467D30043D0F0 /* Extensions */,
				A9FFB5B82B245C070043D0F0 /* Scenes */,
				A9FFB5912B24578C0043D0F0 /* Assets.xcassets */,
				A9FFB5932B24578C0043D0F0 /* LaunchScreen.storyboard */,
				A9FFB5962B24578C0043D0F0 /* Info.plist */,
				A9FFB58E2B24578B0043D0F0 /* TheMovieDB.xcdatamodeld */,
			);
			path = TheMovieDB;
			sourceTree = "<group>";
		};
		A9FFB59E2B24578D0043D0F0 /* TheMovieDBTests */ = {
			isa = PBXGroup;
			children = (
				A9FFB59F2B24578D0043D0F0 /* TheMovieDBTests.swift */,
			);
			path = TheMovieDBTests;
			sourceTree = "<group>";
		};
		A9FFB5A82B24578D0043D0F0 /* TheMovieDBUITests */ = {
			isa = PBXGroup;
			children = (
				A9FFB5A92B24578D0043D0F0 /* TheMovieDBUITests.swift */,
				A9FFB5AB2B24578D0043D0F0 /* TheMovieDBUITestsLaunchTests.swift */,
			);
			path = TheMovieDBUITests;
			sourceTree = "<group>";
		};
		A9FFB5B82B245C070043D0F0 /* Scenes */ = {
			isa = PBXGroup;
			children = (
				A9FFB5EE2B249BD50043D0F0 /* MovieListPresenter.swift */,
				A9FFB5F02B249BD50043D0F0 /* MovieListViewController.swift */,
				A9FFB5EF2B249BD50043D0F0 /* MovieListViewController.xib */,
				A9FFB5E72B24860C0043D0F0 /* Cell */,
			);
			path = Scenes;
			sourceTree = "<group>";
		};
		A9FFB5B92B245C220043D0F0 /* Utils */ = {
			isa = PBXGroup;
			children = (
				A9FFB5C12B24678A0043D0F0 /* ApiManager */,
				A9FFB5BA2B245C370043D0F0 /* BaseViewController */,
				A9FFB5BB2B245C440043D0F0 /* BaseNavigationController */,
				A9FFB5D12B246B320043D0F0 /* Localizables */,
				A9FFB5D82B2472CB0043D0F0 /* StringConstants.swift */,
				A9FFB5FA2B249C120043D0F0 /* Constants.swift */,
				A9FFB5E12B2477C90043D0F0 /* Utils.swift */,
			);
			path = Utils;
			sourceTree = "<group>";
		};
		A9FFB5BA2B245C370043D0F0 /* BaseViewController */ = {
			isa = PBXGroup;
			children = (
				A9FFB5FE2B249C210043D0F0 /* BaseViewController.swift */,
			);
			path = BaseViewController;
			sourceTree = "<group>";
		};
		A9FFB5BB2B245C440043D0F0 /* BaseNavigationController */ = {
			isa = PBXGroup;
			children = (
				A9FFB6002B249C280043D0F0 /* BaseNavigationController.swift */,
			);
			path = BaseNavigationController;
			sourceTree = "<group>";
		};
		A9FFB5C12B24678A0043D0F0 /* ApiManager */ = {
			isa = PBXGroup;
			children = (
				A9FFB6022B249C330043D0F0 /* APIManager.swift */,
				A9FFB5DA2B24737F0043D0F0 /* APIManager+MovieList.swift */,
				A9FFB6032B249C330043D0F0 /* APIMethod.swift */,
			);
			path = ApiManager;
			sourceTree = "<group>";
		};
		A9FFB5C62B2467D30043D0F0 /* Extensions */ = {
			isa = PBXGroup;
			children = (
				A9FFB5F42B249BFA0043D0F0 /* Extension+Dictionary.swift */,
				A9FFB5F62B249BFA0043D0F0 /* Extension+String.swift */,
				A9FFB5F52B249BFA0043D0F0 /* Extension+UIView.swift */,
				A95E4E702B25C5C100E15985 /* Extension+UIImageView.swift */,
			);
			path = Extensions;
			sourceTree = "<group>";
		};
		A9FFB5D12B246B320043D0F0 /* Localizables */ = {
			isa = PBXGroup;
			children = (
				A9FFB5FC2B249C180043D0F0 /* Localizable.strings */,
			);
			path = Localizables;
			sourceTree = "<group>";
		};
		A9FFB5DC2B2473B70043D0F0 /* Models */ = {
			isa = PBXGroup;
			children = (
				A9FFB5DD2B2473C40043D0F0 /* MovieList.swift */,
				A9FFB5DF2B2473CC0043D0F0 /* Movie.swift */,
				A9FFB5E52B2480A40043D0F0 /* DisplayMovie.swift */,
				A9FFB5E32B247BD20043D0F0 /* MovieListType.swift */,
			);
			path = Models;
			sourceTree = "<group>";
		};
		A9FFB5E72B24860C0043D0F0 /* Cell */ = {
			isa = PBXGroup;
			children = (
				A9FFB5E82B24862F0043D0F0 /* MovieListCell.swift */,
				A9FFB5E92B24862F0043D0F0 /* MovieListCell.xib */,
			);
			path = Cell;
			sourceTree = "<group>";
		};
/* End PBXGroup section */

/* Begin PBXNativeTarget section */
		A9FFB5812B24578B0043D0F0 /* TheMovieDB */ = {
			isa = PBXNativeTarget;
			buildConfigurationList = A9FFB5AF2B24578D0043D0F0 /* Build configuration list for PBXNativeTarget "TheMovieDB" */;
			buildPhases = (
				A9FFB57E2B24578B0043D0F0 /* Sources */,
				A9FFB57F2B24578B0043D0F0 /* Frameworks */,
				A9FFB5802B24578B0043D0F0 /* Resources */,
			);
			buildRules = (
			);
			dependencies = (
			);
			name = TheMovieDB;
			productName = TheMovieDB;
			productReference = A9FFB5822B24578B0043D0F0 /* TheMovieDB.app */;
			productType = "com.apple.product-type.application";
		};
		A9FFB59A2B24578D0043D0F0 /* TheMovieDBTests */ = {
			isa = PBXNativeTarget;
			buildConfigurationList = A9FFB5B22B24578D0043D0F0 /* Build configuration list for PBXNativeTarget "TheMovieDBTests" */;
			buildPhases = (
				A9FFB5972B24578D0043D0F0 /* Sources */,
				A9FFB5982B24578D0043D0F0 /* Frameworks */,
				A9FFB5992B24578D0043D0F0 /* Resources */,
			);
			buildRules = (
			);
			dependencies = (
				A9FFB59D2B24578D0043D0F0 /* PBXTargetDependency */,
			);
			name = TheMovieDBTests;
			productName = TheMovieDBTests;
			productReference = A9FFB59B2B24578D0043D0F0 /* TheMovieDBTests.xctest */;
			productType = "com.apple.product-type.bundle.unit-test";
		};
		A9FFB5A42B24578D0043D0F0 /* TheMovieDBUITests */ = {
			isa = PBXNativeTarget;
			buildConfigurationList = A9FFB5B52B24578D0043D0F0 /* Build configuration list for PBXNativeTarget "TheMovieDBUITests" */;
			buildPhases = (
				A9FFB5A12B24578D0043D0F0 /* Sources */,
				A9FFB5A22B24578D0043D0F0 /* Frameworks */,
				A9FFB5A32B24578D0043D0F0 /* Resources */,
			);
			buildRules = (
			);
			dependencies = (
				A9FFB5A72B24578D0043D0F0 /* PBXTargetDependency */,
			);
			name = TheMovieDBUITests;
			productName = TheMovieDBUITests;
			productReference = A9FFB5A52B24578D0043D0F0 /* TheMovieDBUITests.xctest */;
			productType = "com.apple.product-type.bundle.ui-testing";
		};
/* End PBXNativeTarget section */

/* Begin PBXProject section */
		A9FFB57A2B24578B0043D0F0 /* Project object */ = {
			isa = PBXProject;
			attributes = {
				BuildIndependentTargetsInParallel = 1;
				LastSwiftUpdateCheck = 1430;
				LastUpgradeCheck = 1430;
				TargetAttributes = {
					A9FFB5812B24578B0043D0F0 = {
						CreatedOnToolsVersion = 14.3.1;
					};
					A9FFB59A2B24578D0043D0F0 = {
						CreatedOnToolsVersion = 14.3.1;
						TestTargetID = A9FFB5812B24578B0043D0F0;
					};
					A9FFB5A42B24578D0043D0F0 = {
						CreatedOnToolsVersion = 14.3.1;
						TestTargetID = A9FFB5812B24578B0043D0F0;
					};
				};
			};
			buildConfigurationList = A9FFB57D2B24578B0043D0F0 /* Build configuration list for PBXProject "TheMovieDB" */;
			compatibilityVersion = "Xcode 14.0";
			developmentRegion = es;
			hasScannedForEncodings = 0;
			knownRegions = (
				Base,
				es,
			);
			mainGroup = A9FFB5792B24578B0043D0F0;
			productRefGroup = A9FFB5832B24578B0043D0F0 /* Products */;
			projectDirPath = "";
			projectRoot = "";
			targets = (
				A9FFB5812B24578B0043D0F0 /* TheMovieDB */,
				A9FFB59A2B24578D0043D0F0 /* TheMovieDBTests */,
				A9FFB5A42B24578D0043D0F0 /* TheMovieDBUITests */,
			);
		};
/* End PBXProject section */

/* Begin PBXResourcesBuildPhase section */
		A9FFB5802B24578B0043D0F0 /* Resources */ = {
			isa = PBXResourcesBuildPhase;
			buildActionMask = 2147483647;
			files = (
				A9FFB5FD2B249C180043D0F0 /* Localizable.strings in Resources */,
				A9FFB5952B24578C0043D0F0 /* LaunchScreen.storyboard in Resources */,
				A9FFB5EB2B24862F0043D0F0 /* MovieListCell.xib in Resources */,
				A9FFB5922B24578C0043D0F0 /* Assets.xcassets in Resources */,
				A9FFB5F22B249BD50043D0F0 /* MovieListViewController.xib in Resources */,
			);
			runOnlyForDeploymentPostprocessing = 0;
		};
		A9FFB5992B24578D0043D0F0 /* Resources */ = {
			isa = PBXResourcesBuildPhase;
			buildActionMask = 2147483647;
			files = (
			);
			runOnlyForDeploymentPostprocessing = 0;
		};
		A9FFB5A32B24578D0043D0F0 /* Resources */ = {
			isa = PBXResourcesBuildPhase;
			buildActionMask = 2147483647;
			files = (
			);
			runOnlyForDeploymentPostprocessing = 0;
		};
/* End PBXResourcesBuildPhase section */

/* Begin PBXSourcesBuildPhase section */
		A9FFB57E2B24578B0043D0F0 /* Sources */ = {
			isa = PBXSourcesBuildPhase;
			buildActionMask = 2147483647;
			files = (
				A9FFB5862B24578B0043D0F0 /* AppDelegate.swift in Sources */,
				A9FFB5F82B249BFA0043D0F0 /* Extension+UIView.swift in Sources */,
				A9FFB6052B249C330043D0F0 /* APIMethod.swift in Sources */,
				A9FFB5EA2B24862F0043D0F0 /* MovieListCell.swift in Sources */,
				A95E4E712B25C5C100E15985 /* Extension+UIImageView.swift in Sources */,
				A9FFB5FF2B249C210043D0F0 /* BaseViewController.swift in Sources */,
				A9FFB5DE2B2473C40043D0F0 /* MovieList.swift in Sources */,
				A9FFB5E62B2480A40043D0F0 /* DisplayMovie.swift in Sources */,
				A9FFB6012B249C280043D0F0 /* BaseNavigationController.swift in Sources */,
				A9FFB5F92B249BFA0043D0F0 /* Extension+String.swift in Sources */,
				A9FFB5E22B2477C90043D0F0 /* Utils.swift in Sources */,
				A9FFB5D92B2472CB0043D0F0 /* StringConstants.swift in Sources */,
				A9FFB5FB2B249C120043D0F0 /* Constants.swift in Sources */,
				A9FFB5DB2B24737F0043D0F0 /* APIManager+MovieList.swift in Sources */,
				A9FFB6042B249C330043D0F0 /* APIManager.swift in Sources */,
				A9FFB5902B24578B0043D0F0 /* TheMovieDB.xcdatamodeld in Sources */,
				A9FFB5E42B247BD20043D0F0 /* MovieListType.swift in Sources */,
				A9FFB5882B24578B0043D0F0 /* SceneDelegate.swift in Sources */,
				A9FFB5F32B249BD50043D0F0 /* MovieListViewController.swift in Sources */,
				A9FFB5E02B2473CC0043D0F0 /* Movie.swift in Sources */,
				A9FFB5F12B249BD50043D0F0 /* MovieListPresenter.swift in Sources */,
				A9FFB5F72B249BFA0043D0F0 /* Extension+Dictionary.swift in Sources */,
			);
			runOnlyForDeploymentPostprocessing = 0;
		};
		A9FFB5972B24578D0043D0F0 /* Sources */ = {
			isa = PBXSourcesBuildPhase;
			buildActionMask = 2147483647;
			files = (
				A9FFB5A02B24578D0043D0F0 /* TheMovieDBTests.swift in Sources */,
			);
			runOnlyForDeploymentPostprocessing = 0;
		};
		A9FFB5A12B24578D0043D0F0 /* Sources */ = {
			isa = PBXSourcesBuildPhase;
			buildActionMask = 2147483647;
			files = (
				A9FFB5AA2B24578D0043D0F0 /* TheMovieDBUITests.swift in Sources */,
				A9FFB5AC2B24578D0043D0F0 /* TheMovieDBUITestsLaunchTests.swift in Sources */,
			);
			runOnlyForDeploymentPostprocessing = 0;
		};
/* End PBXSourcesBuildPhase section */

/* Begin PBXTargetDependency section */
		A9FFB59D2B24578D0043D0F0 /* PBXTargetDependency */ = {
			isa = PBXTargetDependency;
			target = A9FFB5812B24578B0043D0F0 /* TheMovieDB */;
			targetProxy = A9FFB59C2B24578D0043D0F0 /* PBXContainerItemProxy */;
		};
		A9FFB5A72B24578D0043D0F0 /* PBXTargetDependency */ = {
			isa = PBXTargetDependency;
			target = A9FFB5812B24578B0043D0F0 /* TheMovieDB */;
			targetProxy = A9FFB5A62B24578D0043D0F0 /* PBXContainerItemProxy */;
		};
/* End PBXTargetDependency section */

/* Begin PBXVariantGroup section */
		A9FFB5932B24578C0043D0F0 /* LaunchScreen.storyboard */ = {
			isa = PBXVariantGroup;
			children = (
				A9FFB5942B24578C0043D0F0 /* Base */,
				A9FFB5C02B245DFB0043D0F0 /* es */,
			);
			name = LaunchScreen.storyboard;
			sourceTree = "<group>";
		};
/* End PBXVariantGroup section */

/* Begin XCBuildConfiguration section */
		A9FFB5AD2B24578D0043D0F0 /* Debug */ = {
			isa = XCBuildConfiguration;
			buildSettings = {
				ALWAYS_SEARCH_USER_PATHS = NO;
				CLANG_ANALYZER_LOCALIZABILITY_NONLOCALIZED = YES;
				CLANG_ANALYZER_NONNULL = YES;
				CLANG_ANALYZER_NUMBER_OBJECT_CONVERSION = YES_AGGRESSIVE;
				CLANG_CXX_LANGUAGE_STANDARD = "gnu++20";
				CLANG_ENABLE_MODULES = YES;
				CLANG_ENABLE_OBJC_ARC = YES;
				CLANG_ENABLE_OBJC_WEAK = YES;
				CLANG_WARN_BLOCK_CAPTURE_AUTORELEASING = YES;
				CLANG_WARN_BOOL_CONVERSION = YES;
				CLANG_WARN_COMMA = YES;
				CLANG_WARN_CONSTANT_CONVERSION = YES;
				CLANG_WARN_DEPRECATED_OBJC_IMPLEMENTATIONS = YES;
				CLANG_WARN_DIRECT_OBJC_ISA_USAGE = YES_ERROR;
				CLANG_WARN_DOCUMENTATION_COMMENTS = YES;
				CLANG_WARN_EMPTY_BODY = YES;
				CLANG_WARN_ENUM_CONVERSION = YES;
				CLANG_WARN_INFINITE_RECURSION = YES;
				CLANG_WARN_INT_CONVERSION = YES;
				CLANG_WARN_NON_LITERAL_NULL_CONVERSION = YES;
				CLANG_WARN_OBJC_IMPLICIT_RETAIN_SELF = YES;
				CLANG_WARN_OBJC_LITERAL_CONVERSION = YES;
				CLANG_WARN_OBJC_ROOT_CLASS = YES_ERROR;
				CLANG_WARN_QUOTED_INCLUDE_IN_FRAMEWORK_HEADER = YES;
				CLANG_WARN_RANGE_LOOP_ANALYSIS = YES;
				CLANG_WARN_STRICT_PROTOTYPES = YES;
				CLANG_WARN_SUSPICIOUS_MOVE = YES;
				CLANG_WARN_UNGUARDED_AVAILABILITY = YES_AGGRESSIVE;
				CLANG_WARN_UNREACHABLE_CODE = YES;
				CLANG_WARN__DUPLICATE_METHOD_MATCH = YES;
				COPY_PHASE_STRIP = NO;
				DEBUG_INFORMATION_FORMAT = dwarf;
				ENABLE_STRICT_OBJC_MSGSEND = YES;
				ENABLE_TESTABILITY = YES;
				GCC_C_LANGUAGE_STANDARD = gnu11;
				GCC_DYNAMIC_NO_PIC = NO;
				GCC_NO_COMMON_BLOCKS = YES;
				GCC_OPTIMIZATION_LEVEL = 0;
				GCC_PREPROCESSOR_DEFINITIONS = (
					"DEBUG=1",
					"$(inherited)",
				);
				GCC_WARN_64_TO_32_BIT_CONVERSION = YES;
				GCC_WARN_ABOUT_RETURN_TYPE = YES_ERROR;
				GCC_WARN_UNDECLARED_SELECTOR = YES;
				GCC_WARN_UNINITIALIZED_AUTOS = YES_AGGRESSIVE;
				GCC_WARN_UNUSED_FUNCTION = YES;
				GCC_WARN_UNUSED_VARIABLE = YES;
				IPHONEOS_DEPLOYMENT_TARGET = 13.0;
				MTL_ENABLE_DEBUG_INFO = INCLUDE_SOURCE;
				MTL_FAST_MATH = YES;
				ONLY_ACTIVE_ARCH = YES;
				SDKROOT = iphoneos;
				SWIFT_ACTIVE_COMPILATION_CONDITIONS = DEBUG;
				SWIFT_OPTIMIZATION_LEVEL = "-Onone";
			};
			name = Debug;
		};
		A9FFB5AE2B24578D0043D0F0 /* Release */ = {
			isa = XCBuildConfiguration;
			buildSettings = {
				ALWAYS_SEARCH_USER_PATHS = NO;
				CLANG_ANALYZER_LOCALIZABILITY_NONLOCALIZED = YES;
				CLANG_ANALYZER_NONNULL = YES;
				CLANG_ANALYZER_NUMBER_OBJECT_CONVERSION = YES_AGGRESSIVE;
				CLANG_CXX_LANGUAGE_STANDARD = "gnu++20";
				CLANG_ENABLE_MODULES = YES;
				CLANG_ENABLE_OBJC_ARC = YES;
				CLANG_ENABLE_OBJC_WEAK = YES;
				CLANG_WARN_BLOCK_CAPTURE_AUTORELEASING = YES;
				CLANG_WARN_BOOL_CONVERSION = YES;
				CLANG_WARN_COMMA = YES;
				CLANG_WARN_CONSTANT_CONVERSION = YES;
				CLANG_WARN_DEPRECATED_OBJC_IMPLEMENTATIONS = YES;
				CLANG_WARN_DIRECT_OBJC_ISA_USAGE = YES_ERROR;
				CLANG_WARN_DOCUMENTATION_COMMENTS = YES;
				CLANG_WARN_EMPTY_BODY = YES;
				CLANG_WARN_ENUM_CONVERSION = YES;
				CLANG_WARN_INFINITE_RECURSION = YES;
				CLANG_WARN_INT_CONVERSION = YES;
				CLANG_WARN_NON_LITERAL_NULL_CONVERSION = YES;
				CLANG_WARN_OBJC_IMPLICIT_RETAIN_SELF = YES;
				CLANG_WARN_OBJC_LITERAL_CONVERSION = YES;
				CLANG_WARN_OBJC_ROOT_CLASS = YES_ERROR;
				CLANG_WARN_QUOTED_INCLUDE_IN_FRAMEWORK_HEADER = YES;
				CLANG_WARN_RANGE_LOOP_ANALYSIS = YES;
				CLANG_WARN_STRICT_PROTOTYPES = YES;
				CLANG_WARN_SUSPICIOUS_MOVE = YES;
				CLANG_WARN_UNGUARDED_AVAILABILITY = YES_AGGRESSIVE;
				CLANG_WARN_UNREACHABLE_CODE = YES;
				CLANG_WARN__DUPLICATE_METHOD_MATCH = YES;
				COPY_PHASE_STRIP = NO;
				DEBUG_INFORMATION_FORMAT = "dwarf-with-dsym";
				ENABLE_NS_ASSERTIONS = NO;
				ENABLE_STRICT_OBJC_MSGSEND = YES;
				GCC_C_LANGUAGE_STANDARD = gnu11;
				GCC_NO_COMMON_BLOCKS = YES;
				GCC_WARN_64_TO_32_BIT_CONVERSION = YES;
				GCC_WARN_ABOUT_RETURN_TYPE = YES_ERROR;
				GCC_WARN_UNDECLARED_SELECTOR = YES;
				GCC_WARN_UNINITIALIZED_AUTOS = YES_AGGRESSIVE;
				GCC_WARN_UNUSED_FUNCTION = YES;
				GCC_WARN_UNUSED_VARIABLE = YES;
				IPHONEOS_DEPLOYMENT_TARGET = 13.0;
				MTL_ENABLE_DEBUG_INFO = NO;
				MTL_FAST_MATH = YES;
				SDKROOT = iphoneos;
				SWIFT_COMPILATION_MODE = wholemodule;
				SWIFT_OPTIMIZATION_LEVEL = "-O";
				VALIDATE_PRODUCT = YES;
			};
			name = Release;
		};
		A9FFB5B02B24578D0043D0F0 /* Debug */ = {
			isa = XCBuildConfiguration;
			buildSettings = {
				ASSETCATALOG_COMPILER_APPICON_NAME = AppIcon;
				ASSETCATALOG_COMPILER_GLOBAL_ACCENT_COLOR_NAME = AccentColor;
				CODE_SIGN_STYLE = Automatic;
				CURRENT_PROJECT_VERSION = 1;
				GENERATE_INFOPLIST_FILE = YES;
				INFOPLIST_FILE = TheMovieDB/Info.plist;
				INFOPLIST_KEY_UIApplicationSupportsIndirectInputEvents = YES;
				INFOPLIST_KEY_UILaunchStoryboardName = LaunchScreen.storyboard;
				INFOPLIST_KEY_UISupportedInterfaceOrientations = UIInterfaceOrientationPortrait;
				INFOPLIST_KEY_UISupportedInterfaceOrientations_iPad = "UIInterfaceOrientationLandscapeLeft UIInterfaceOrientationLandscapeRight UIInterfaceOrientationPortrait UIInterfaceOrientationPortraitUpsideDown";
				IPHONEOS_DEPLOYMENT_TARGET = 13.0;
				LD_RUNPATH_SEARCH_PATHS = (
					"$(inherited)",
					"@executable_path/Frameworks",
				);
				MARKETING_VERSION = 1.0;
				PRODUCT_BUNDLE_IDENTIFIER = com.antoniomeh.TheMovieDB;
				PRODUCT_NAME = "$(TARGET_NAME)";
				SUPPORTED_PLATFORMS = "iphoneos iphonesimulator";
				SUPPORTS_MACCATALYST = NO;
				SUPPORTS_MAC_DESIGNED_FOR_IPHONE_IPAD = NO;
				SWIFT_EMIT_LOC_STRINGS = YES;
				SWIFT_VERSION = 5.0;
				TARGETED_DEVICE_FAMILY = 1;
			};
			name = Debug;
		};
		A9FFB5B12B24578D0043D0F0 /* Release */ = {
			isa = XCBuildConfiguration;
			buildSettings = {
				ASSETCATALOG_COMPILER_APPICON_NAME = AppIcon;
				ASSETCATALOG_COMPILER_GLOBAL_ACCENT_COLOR_NAME = AccentColor;
				CODE_SIGN_STYLE = Automatic;
				CURRENT_PROJECT_VERSION = 1;
				GENERATE_INFOPLIST_FILE = YES;
				INFOPLIST_FILE = TheMovieDB/Info.plist;
				INFOPLIST_KEY_UIApplicationSupportsIndirectInputEvents = YES;
				INFOPLIST_KEY_UILaunchStoryboardName = LaunchScreen.storyboard;
				INFOPLIST_KEY_UISupportedInterfaceOrientations = UIInterfaceOrientationPortrait;
				INFOPLIST_KEY_UISupportedInterfaceOrientations_iPad = "UIInterfaceOrientationLandscapeLeft UIInterfaceOrientationLandscapeRight UIInterfaceOrientationPortrait UIInterfaceOrientationPortraitUpsideDown";
				IPHONEOS_DEPLOYMENT_TARGET = 13.0;
				LD_RUNPATH_SEARCH_PATHS = (
					"$(inherited)",
					"@executable_path/Frameworks",
				);
				MARKETING_VERSION = 1.0;
				PRODUCT_BUNDLE_IDENTIFIER = com.antoniomeh.TheMovieDB;
				PRODUCT_NAME = "$(TARGET_NAME)";
				SUPPORTED_PLATFORMS = "iphoneos iphonesimulator";
				SUPPORTS_MACCATALYST = NO;
				SUPPORTS_MAC_DESIGNED_FOR_IPHONE_IPAD = NO;
				SWIFT_EMIT_LOC_STRINGS = YES;
				SWIFT_VERSION = 5.0;
				TARGETED_DEVICE_FAMILY = 1;
			};
			name = Release;
		};
		A9FFB5B32B24578D0043D0F0 /* Debug */ = {
			isa = XCBuildConfiguration;
			buildSettings = {
				ALWAYS_EMBED_SWIFT_STANDARD_LIBRARIES = YES;
				BUNDLE_LOADER = "$(TEST_HOST)";
				CODE_SIGN_STYLE = Automatic;
				CURRENT_PROJECT_VERSION = 1;
				GENERATE_INFOPLIST_FILE = YES;
				IPHONEOS_DEPLOYMENT_TARGET = 16.4;
				MARKETING_VERSION = 1.0;
				PRODUCT_BUNDLE_IDENTIFIER = com.antoniomeh.TheMovieDBTests;
				PRODUCT_NAME = "$(TARGET_NAME)";
				SWIFT_EMIT_LOC_STRINGS = NO;
				SWIFT_VERSION = 5.0;
				TARGETED_DEVICE_FAMILY = "1,2";
				TEST_HOST = "$(BUILT_PRODUCTS_DIR)/TheMovieDB.app/$(BUNDLE_EXECUTABLE_FOLDER_PATH)/TheMovieDB";
			};
			name = Debug;
		};
		A9FFB5B42B24578D0043D0F0 /* Release */ = {
			isa = XCBuildConfiguration;
			buildSettings = {
				ALWAYS_EMBED_SWIFT_STANDARD_LIBRARIES = YES;
				BUNDLE_LOADER = "$(TEST_HOST)";
				CODE_SIGN_STYLE = Automatic;
				CURRENT_PROJECT_VERSION = 1;
				GENERATE_INFOPLIST_FILE = YES;
				IPHONEOS_DEPLOYMENT_TARGET = 16.4;
				MARKETING_VERSION = 1.0;
				PRODUCT_BUNDLE_IDENTIFIER = com.antoniomeh.TheMovieDBTests;
				PRODUCT_NAME = "$(TARGET_NAME)";
				SWIFT_EMIT_LOC_STRINGS = NO;
				SWIFT_VERSION = 5.0;
				TARGETED_DEVICE_FAMILY = "1,2";
				TEST_HOST = "$(BUILT_PRODUCTS_DIR)/TheMovieDB.app/$(BUNDLE_EXECUTABLE_FOLDER_PATH)/TheMovieDB";
			};
			name = Release;
		};
		A9FFB5B62B24578D0043D0F0 /* Debug */ = {
			isa = XCBuildConfiguration;
			buildSettings = {
				ALWAYS_EMBED_SWIFT_STANDARD_LIBRARIES = YES;
				CODE_SIGN_STYLE = Automatic;
				CURRENT_PROJECT_VERSION = 1;
				GENERATE_INFOPLIST_FILE = YES;
				MARKETING_VERSION = 1.0;
				PRODUCT_BUNDLE_IDENTIFIER = com.antoniomeh.TheMovieDBUITests;
				PRODUCT_NAME = "$(TARGET_NAME)";
				SWIFT_EMIT_LOC_STRINGS = NO;
				SWIFT_VERSION = 5.0;
				TARGETED_DEVICE_FAMILY = "1,2";
				TEST_TARGET_NAME = TheMovieDB;
			};
			name = Debug;
		};
		A9FFB5B72B24578D0043D0F0 /* Release */ = {
			isa = XCBuildConfiguration;
			buildSettings = {
				ALWAYS_EMBED_SWIFT_STANDARD_LIBRARIES = YES;
				CODE_SIGN_STYLE = Automatic;
				CURRENT_PROJECT_VERSION = 1;
				GENERATE_INFOPLIST_FILE = YES;
				MARKETING_VERSION = 1.0;
				PRODUCT_BUNDLE_IDENTIFIER = com.antoniomeh.TheMovieDBUITests;
				PRODUCT_NAME = "$(TARGET_NAME)";
				SWIFT_EMIT_LOC_STRINGS = NO;
				SWIFT_VERSION = 5.0;
				TARGETED_DEVICE_FAMILY = "1,2";
				TEST_TARGET_NAME = TheMovieDB;
			};
			name = Release;
		};
/* End XCBuildConfiguration section */

/* Begin XCConfigurationList section */
		A9FFB57D2B24578B0043D0F0 /* Build configuration list for PBXProject "TheMovieDB" */ = {
			isa = XCConfigurationList;
			buildConfigurations = (
				A9FFB5AD2B24578D0043D0F0 /* Debug */,
				A9FFB5AE2B24578D0043D0F0 /* Release */,
			);
			defaultConfigurationIsVisible = 0;
			defaultConfigurationName = Release;
		};
		A9FFB5AF2B24578D0043D0F0 /* Build configuration list for PBXNativeTarget "TheMovieDB" */ = {
			isa = XCConfigurationList;
			buildConfigurations = (
				A9FFB5B02B24578D0043D0F0 /* Debug */,
				A9FFB5B12B24578D0043D0F0 /* Release */,
			);
			defaultConfigurationIsVisible = 0;
			defaultConfigurationName = Release;
		};
		A9FFB5B22B24578D0043D0F0 /* Build configuration list for PBXNativeTarget "TheMovieDBTests" */ = {
			isa = XCConfigurationList;
			buildConfigurations = (
				A9FFB5B32B24578D0043D0F0 /* Debug */,
				A9FFB5B42B24578D0043D0F0 /* Release */,
			);
			defaultConfigurationIsVisible = 0;
			defaultConfigurationName = Release;
		};
		A9FFB5B52B24578D0043D0F0 /* Build configuration list for PBXNativeTarget "TheMovieDBUITests" */ = {
			isa = XCConfigurationList;
			buildConfigurations = (
				A9FFB5B62B24578D0043D0F0 /* Debug */,
				A9FFB5B72B24578D0043D0F0 /* Release */,
			);
			defaultConfigurationIsVisible = 0;
			defaultConfigurationName = Release;
		};
/* End XCConfigurationList section */

/* Begin XCVersionGroup section */
		A9FFB58E2B24578B0043D0F0 /* TheMovieDB.xcdatamodeld */ = {
			isa = XCVersionGroup;
			children = (
				A9FFB58F2B24578B0043D0F0 /* TheMovieDB.xcdatamodel */,
			);
			currentVersion = A9FFB58F2B24578B0043D0F0 /* TheMovieDB.xcdatamodel */;
			path = TheMovieDB.xcdatamodeld;
			sourceTree = "<group>";
			versionGroupType = wrapper.xcdatamodel;
		};
/* End XCVersionGroup section */
	};
	rootObject = A9FFB57A2B24578B0043D0F0 /* Project object */;
}
